
Microsoft Visual Studio Solution File, Format Version 12.00
# Visual Studio Version 16
VisualStudioVersion = 16.0.30523.141
MinimumVisualStudioVersion = 10.0.40219.1
Project("{FAE04EC0-301F-11D3-BF4B-00C04F79EFBC}") = "MyFirstApp", "MyFirstApp.csproj", "{399C39A3-C62A-4E83-9908-A728F58CCFAA}"
EndProject
Global
	GlobalSection(SolutionConfigurationPlatforms) = preSolution
		Debug|Any CPU = Debug|Any CPU
		Release|Any CPU = Release|Any CPU
	EndGlobalSection
	GlobalSection(ProjectConfigurationPlatforms) = postSolution
		{399C39A3-C62A-4E83-9908-A728F58CCFAA}.Debug|Any CPU.ActiveCfg = Debug|Any CPU
		{399C39A3-C62A-4E83-9908-A728F58CCFAA}.Debug|Any CPU.Build.0 = Debug|Any CPU
		{399C39A3-C62A-4E83-9908-A728F58CCFAA}.Release|Any CPU.ActiveCfg = Release|Any CPU
		{399C39A3-C62A-4E83-9908-A728F58CCFAA}.Release|Any CPU.Build.0 = Release|Any CPU
	EndGlobalSection
	GlobalSection(SolutionProperties) = preSolution
		HideSolutionNode = FALSE
	EndGlobalSection
	GlobalSection(ExtensibilityGlobals) = postSolution
		SolutionGuid = {882BC687-FD14-459B-8417-3722ADD1BE01}
	EndGlobalSection
EndGlobal
